
Microsoft Visual Studio Solution File, Format Version 12.00
# Visual Studio 14
VisualStudioVersion = 14.0.25420.1
MinimumVisualStudioVersion = 10.0.40219.1
Project("{FAE04EC0-301F-11D3-BF4B-00C04F79EFBC}") = "FxTest", "FxTest.csproj", "{DB9B7448-F747-497F-8391-B428BF166277}"
EndProject
Project("{FAE04EC0-301F-11D3-BF4B-00C04F79EFBC}") = "Game1", "Game1\Game1.csproj", "{34612D8B-C0AE-4E72-BEDB-D619AC15F5B4}"
EndProject
Global
	GlobalSection(SolutionConfigurationPlatforms) = preSolution
		Debug|Any CPU = Debug|Any CPU
		Debug|x86 = Debug|x86
		Release|Any CPU = Release|Any CPU
		Release|x86 = Release|x86
	EndGlobalSection
	GlobalSection(ProjectConfigurationPlatforms) = postSolution
		{DB9B7448-F747-497F-8391-B428BF166277}.Debug|Any CPU.ActiveCfg = Debug|Any CPU
		{DB9B7448-F747-497F-8391-B428BF166277}.Debug|Any CPU.Build.0 = Debug|Any CPU
		{DB9B7448-F747-497F-8391-B428BF166277}.Debug|x86.ActiveCfg = Debug|Any CPU
		{DB9B7448-F747-497F-8391-B428BF166277}.Debug|x86.Build.0 = Debug|Any CPU
		{DB9B7448-F747-497F-8391-B428BF166277}.Release|Any CPU.ActiveCfg = Release|Any CPU
		{DB9B7448-F747-497F-8391-B428BF166277}.Release|Any CPU.Build.0 = Release|Any CPU
		{DB9B7448-F747-497F-8391-B428BF166277}.Release|x86.ActiveCfg = Release|Any CPU
		{DB9B7448-F747-497F-8391-B428BF166277}.Release|x86.Build.0 = Release|Any CPU
		{34612D8B-C0AE-4E72-BEDB-D619AC15F5B4}.Debug|Any CPU.ActiveCfg = Debug|x86
		{34612D8B-C0AE-4E72-BEDB-D619AC15F5B4}.Debug|Any CPU.Build.0 = Debug|x86
		{34612D8B-C0AE-4E72-BEDB-D619AC15F5B4}.Debug|x86.ActiveCfg = Debug|x86
		{34612D8B-C0AE-4E72-BEDB-D619AC15F5B4}.Debug|x86.Build.0 = Debug|x86
		{34612D8B-C0AE-4E72-BEDB-D619AC15F5B4}.Release|Any CPU.ActiveCfg = Release|x86
		{34612D8B-C0AE-4E72-BEDB-D619AC15F5B4}.Release|x86.ActiveCfg = Release|x86
		{34612D8B-C0AE-4E72-BEDB-D619AC15F5B4}.Release|x86.Build.0 = Release|x86
	EndGlobalSection
	GlobalSection(SolutionProperties) = preSolution
		HideSolutionNode = FALSE
	EndGlobalSection
EndGlobal
